
Microsoft Visual Studio Solution File, Format Version 12.00
# Visual Studio 15
VisualStudioVersion = 15.0.28010.2050
MinimumVisualStudioVersion = 10.0.40219.1
Project("{888888A0-9F3D-457C-B088-3A5042F75D52}") = "OptionsModelsV3", "OptionsModelsV3.pyproj", "{357F2F07-E3A0-4F5A-9DF1-D6C0BF3C1E3D}"
EndProject
Global
	GlobalSection(SolutionConfigurationPlatforms) = preSolution
		Debug|Any CPU = Debug|Any CPU
		Release|Any CPU = Release|Any CPU
	EndGlobalSection
	GlobalSection(ProjectConfigurationPlatforms) = postSolution
		{357F2F07-E3A0-4F5A-9DF1-D6C0BF3C1E3D}.Debug|Any CPU.ActiveCfg = Debug|Any CPU
		{357F2F07-E3A0-4F5A-9DF1-D6C0BF3C1E3D}.Release|Any CPU.ActiveCfg = Release|Any CPU
	EndGlobalSection
	GlobalSection(SolutionProperties) = preSolution
		HideSolutionNode = FALSE
	EndGlobalSection
	GlobalSection(ExtensibilityGlobals) = postSolution
		SolutionGuid = {0D3A4AC8-F779-4116-9636-37ABAA4A4660}
	EndGlobalSection
EndGlobal
